
Microsoft Visual Studio Solution File, Format Version 12.00
# Visual Studio Version 17
VisualStudioVersion = 17.14.36804.6
MinimumVisualStudioVersion = 10.0.40219.1
Project("{FAE04EC0-301F-11D3-BF4B-00C04F79EFBC}") = "HumanResourceAPI", "HumanResourceAPI\HumanResourceAPI.csproj", "{0F5D2BF1-2B4D-4BDF-9D42-611BF326DA7E}"
EndProject
Project("{FAE04EC0-301F-11D3-BF4B-00C04F79EFBC}") = "Entities", "Entities\Entities.csproj", "{EC908C58-A979-4BC5-A621-12289C96A748}"
EndProject
Project("{FAE04EC0-301F-11D3-BF4B-00C04F79EFBC}") = "LoggerService", "LoggerService\LoggerService.csproj", "{D7848E93-B6A1-4DC3-AA07-76450BB3EACD}"
EndProject
Project("{FAE04EC0-301F-11D3-BF4B-00C04F79EFBC}") = "HumanResourceAPI.UnitTest", "HumanResourceAPI.UnitTest\HumanResourceAPI.UnitTest.csproj", "{D0D780B2-D57B-4296-A3EB-0F9930DFCC67}"
EndProject
Project("{FAE04EC0-301F-11D3-BF4B-00C04F79EFBC}") = "HumanResourceAPI.Infrastrcuture", "HumanResourceAPI.Infrastrcuture\HumanResourceAPI.Infrastrcuture.csproj", "{CB4B1F32-E6E4-4D82-8A4E-72938FC1D337}"
EndProject
Project("{2150E333-8FDC-42A3-9474-1A3956D46DE8}") = "src", "src", "{02EA681E-C7D8-13C7-8484-4AC65E1B71E8}"
EndProject
Project("{2150E333-8FDC-42A3-9474-1A3956D46DE8}") = "test", "test", "{A85CD655-8653-4BD0-998A-279725F0E591}"
EndProject
Project("{FAE04EC0-301F-11D3-BF4B-00C04F79EFBC}") = "Repository", "Repository\Repository.csproj", "{66BD5CFB-56FA-4623-8175-5357F0524760}"
EndProject
Global
	GlobalSection(SolutionConfigurationPlatforms) = preSolution
		Debug|Any CPU = Debug|Any CPU
		Release|Any CPU = Release|Any CPU
	EndGlobalSection
	GlobalSection(ProjectConfigurationPlatforms) = postSolution
		{0F5D2BF1-2B4D-4BDF-9D42-611BF326DA7E}.Debug|Any CPU.ActiveCfg = Debug|Any CPU
		{0F5D2BF1-2B4D-4BDF-9D42-611BF326DA7E}.Debug|Any CPU.Build.0 = Debug|Any CPU
		{0F5D2BF1-2B4D-4BDF-9D42-611BF326DA7E}.Release|Any CPU.ActiveCfg = Release|Any CPU
		{0F5D2BF1-2B4D-4BDF-9D42-611BF326DA7E}.Release|Any CPU.Build.0 = Release|Any CPU
		{EC908C58-A979-4BC5-A621-12289C96A748}.Debug|Any CPU.ActiveCfg = Debug|Any CPU
		{EC908C58-A979-4BC5-A621-12289C96A748}.Debug|Any CPU.Build.0 = Debug|Any CPU
		{EC908C58-A979-4BC5-A621-12289C96A748}.Release|Any CPU.ActiveCfg = Release|Any CPU
		{EC908C58-A979-4BC5-A621-12289C96A748}.Release|Any CPU.Build.0 = Release|Any CPU
		{D7848E93-B6A1-4DC3-AA07-76450BB3EACD}.Debug|Any CPU.ActiveCfg = Debug|Any CPU
		{D7848E93-B6A1-4DC3-AA07-76450BB3EACD}.Debug|Any CPU.Build.0 = Debug|Any CPU
		{D7848E93-B6A1-4DC3-AA07-76450BB3EACD}.Release|Any CPU.ActiveCfg = Release|Any CPU
		{D7848E93-B6A1-4DC3-AA07-76450BB3EACD}.Release|Any CPU.Build.0 = Release|Any CPU
		{D0D780B2-D57B-4296-A3EB-0F9930DFCC67}.Debug|Any CPU.ActiveCfg = Debug|Any CPU
		{D0D780B2-D57B-4296-A3EB-0F9930DFCC67}.Debug|Any CPU.Build.0 = Debug|Any CPU
		{D0D780B2-D57B-4296-A3EB-0F9930DFCC67}.Release|Any CPU.ActiveCfg = Release|Any CPU
		{D0D780B2-D57B-4296-A3EB-0F9930DFCC67}.Release|Any CPU.Build.0 = Release|Any CPU
		{CB4B1F32-E6E4-4D82-8A4E-72938FC1D337}.Debug|Any CPU.ActiveCfg = Debug|Any CPU
		{CB4B1F32-E6E4-4D82-8A4E-72938FC1D337}.Debug|Any CPU.Build.0 = Debug|Any CPU
		{CB4B1F32-E6E4-4D82-8A4E-72938FC1D337}.Release|Any CPU.ActiveCfg = Release|Any CPU
		{CB4B1F32-E6E4-4D82-8A4E-72938FC1D337}.Release|Any CPU.Build.0 = Release|Any CPU
		{66BD5CFB-56FA-4623-8175-5357F0524760}.Debug|Any CPU.ActiveCfg = Debug|Any CPU
		{66BD5CFB-56FA-4623-8175-5357F0524760}.Debug|Any CPU.Build.0 = Debug|Any CPU
		{66BD5CFB-56FA-4623-8175-5357F0524760}.Release|Any CPU.ActiveCfg = Release|Any CPU
		{66BD5CFB-56FA-4623-8175-5357F0524760}.Release|Any CPU.Build.0 = Release|Any CPU
	EndGlobalSection
	GlobalSection(SolutionProperties) = preSolution
		HideSolutionNode = FALSE
	EndGlobalSection
	GlobalSection(NestedProjects) = preSolution
		{0F5D2BF1-2B4D-4BDF-9D42-611BF326DA7E} = {02EA681E-C7D8-13C7-8484-4AC65E1B71E8}
		{EC908C58-A979-4BC5-A621-12289C96A748} = {02EA681E-C7D8-13C7-8484-4AC65E1B71E8}
		{D7848E93-B6A1-4DC3-AA07-76450BB3EACD} = {02EA681E-C7D8-13C7-8484-4AC65E1B71E8}
		{D0D780B2-D57B-4296-A3EB-0F9930DFCC67} = {A85CD655-8653-4BD0-998A-279725F0E591}
		{CB4B1F32-E6E4-4D82-8A4E-72938FC1D337} = {02EA681E-C7D8-13C7-8484-4AC65E1B71E8}
		{66BD5CFB-56FA-4623-8175-5357F0524760} = {02EA681E-C7D8-13C7-8484-4AC65E1B71E8}
	EndGlobalSection
	GlobalSection(ExtensibilityGlobals) = postSolution
		SolutionGuid = {695A94E7-3199-4123-BF3C-17B5504CF567}
	EndGlobalSection
EndGlobal
